
Microsoft Visual Studio Solution File, Format Version 12.00
# Visual Studio 15
Project("{FAE04EC0-301F-11D3-BF4B-00C04F79EFBC}") = "Assembly-CSharp", "Assembly-CSharp.csproj", "{A9A805E1-CDF4-DAB9-D365-C1D6DCC93DFA}"
EndProject
Project("{FAE04EC0-301F-11D3-BF4B-00C04F79EFBC}") = "Assembly-CSharp-Editor", "Assembly-CSharp-Editor.csproj", "{D91546D3-C8E2-A1B0-9424-5112A56976F6}"
EndProject
Global
	GlobalSection(SolutionConfigurationPlatforms) = preSolution
		Debug|Any CPU = Debug|Any CPU
		Release|Any CPU = Release|Any CPU
	EndGlobalSection
	GlobalSection(ProjectConfigurationPlatforms) = postSolution
		{A9A805E1-CDF4-DAB9-D365-C1D6DCC93DFA}.Debug|Any CPU.ActiveCfg = Debug|Any CPU
		{A9A805E1-CDF4-DAB9-D365-C1D6DCC93DFA}.Debug|Any CPU.Build.0 = Debug|Any CPU
		{A9A805E1-CDF4-DAB9-D365-C1D6DCC93DFA}.Release|Any CPU.ActiveCfg = Release|Any CPU
		{A9A805E1-CDF4-DAB9-D365-C1D6DCC93DFA}.Release|Any CPU.Build.0 = Release|Any CPU
		{D91546D3-C8E2-A1B0-9424-5112A56976F6}.Debug|Any CPU.ActiveCfg = Debug|Any CPU
		{D91546D3-C8E2-A1B0-9424-5112A56976F6}.Debug|Any CPU.Build.0 = Debug|Any CPU
		{D91546D3-C8E2-A1B0-9424-5112A56976F6}.Release|Any CPU.ActiveCfg = Release|Any CPU
		{D91546D3-C8E2-A1B0-9424-5112A56976F6}.Release|Any CPU.Build.0 = Release|Any CPU
	EndGlobalSection
	GlobalSection(SolutionProperties) = preSolution
		HideSolutionNode = FALSE
	EndGlobalSection
EndGlobal
