
Microsoft Visual Studio Solution File, Format Version 12.00
# Visual Studio 15
Project("{FAE04EC0-301F-11D3-BF4B-00C04F79EFBC}") = "Assembly-CSharp", "Assembly-CSharp.csproj", "{3E7A7FCE-E5C3-FE7A-F41E-44189C0AB172}"
EndProject
Project("{FAE04EC0-301F-11D3-BF4B-00C04F79EFBC}") = "Assembly-CSharp-Editor", "Assembly-CSharp-Editor.csproj", "{3F42A957-629F-BFD6-0289-92E3E4C0A82E}"
EndProject
Global
	GlobalSection(SolutionConfigurationPlatforms) = preSolution
		Debug|Any CPU = Debug|Any CPU
		Release|Any CPU = Release|Any CPU
	EndGlobalSection
	GlobalSection(ProjectConfigurationPlatforms) = postSolution
		{3E7A7FCE-E5C3-FE7A-F41E-44189C0AB172}.Debug|Any CPU.ActiveCfg = Debug|Any CPU
		{3E7A7FCE-E5C3-FE7A-F41E-44189C0AB172}.Debug|Any CPU.Build.0 = Debug|Any CPU
		{3E7A7FCE-E5C3-FE7A-F41E-44189C0AB172}.Release|Any CPU.ActiveCfg = Release|Any CPU
		{3E7A7FCE-E5C3-FE7A-F41E-44189C0AB172}.Release|Any CPU.Build.0 = Release|Any CPU
		{3F42A957-629F-BFD6-0289-92E3E4C0A82E}.Debug|Any CPU.ActiveCfg = Debug|Any CPU
		{3F42A957-629F-BFD6-0289-92E3E4C0A82E}.Debug|Any CPU.Build.0 = Debug|Any CPU
		{3F42A957-629F-BFD6-0289-92E3E4C0A82E}.Release|Any CPU.ActiveCfg = Release|Any CPU
		{3F42A957-629F-BFD6-0289-92E3E4C0A82E}.Release|Any CPU.Build.0 = Release|Any CPU
	EndGlobalSection
	GlobalSection(SolutionProperties) = preSolution
		HideSolutionNode = FALSE
	EndGlobalSection
EndGlobal
